NeoBundleLock Dockerfile.vim bf29af1c79df21aefd3f68660cc8c57a78f14021
NeoBundleLock Vim-Jinja2-Syntax b59d179defbc9fd6e6f426569f8430592e1a6a1b
NeoBundleLock change-inside-surroundings.vim 8a994707234e7da7fd127633824b2c0b9dfc8c43
NeoBundleLock clam.vim 97c57978730802b3edad09037ce0d9f1ca6b6a8f
NeoBundleLock ctrlp.vim 564176f01d7f3f7f8ab452ff4e1f5314de7b0981
NeoBundleLock editorconfig-vim 8aff78a03357bf573abcec407a543762f281b7d3
NeoBundleLock groovy.vim f121908b6f159d4692517587bf165c5f065fd75f
NeoBundleLock gundo.vim 99e6240340d9ba07b66c544daf44fa7caffbf7e7
NeoBundleLock html5.vim ec1ec0701225e0d42fccc562444a355f4eb03dee
NeoBundleLock matchit.zip ced6c409c9beeb0b4142d21906606bd194411d1d
NeoBundleLock neobundle.vim 1306c131ff0a6cc094b7ff0727350e442b5427f1
NeoBundleLock nginx.vim 4c3e35024235841e895f566335a4d65228ed445f
NeoBundleLock numbers.vim 1867e76e819db182a4fb71f48f4bd36a5e2c6b6e
NeoBundleLock rainbow_parentheses.vim eb8baa5428bde10ecc1cb14eed1d6e16f5f24695
NeoBundleLock requirements.txt.vim 1530fea03119fc1ddc36ec966bdd70cef1d95652
NeoBundleLock rust.vim 953b10061f595496b35aec84b75c413ee5751a23
NeoBundleLock syntastic b3e2d8470fddc7f2b598f09023ebc5045a3fb1fd
NeoBundleLock vim-airline e23978fb68dbbb5b9d95fb4b9f1b66d48c246677
NeoBundleLock vim-ansible-yaml a6f92d17ff01b2e63d6c9fdbb7f7e13c7fd41d14
NeoBundleLock vim-bundle-mako e74a52aed89505109ac08cda1609499593d29db5
NeoBundleLock vim-coffee-script 9e3b4de2a476caeb6ff21b5da20966d7c67a98bb
NeoBundleLock vim-colors-solarized 528a59f26d12278698bb946f8fb82a63711eec21
NeoBundleLock vim-commentary f8238d70f873969fb41bf6a6b07ca63a4c0b82b1
NeoBundleLock vim-eunuch 33e875b31c8b811a0a47908884a5e2339106bbe8
NeoBundleLock vim-fugitive caf3b1d5696e8d39a905e48f1e89d8c0c565168c
NeoBundleLock vim-git 117abeb7bfcc85f85d6ea6d973923e385a5adf35
NeoBundleLock vim-gitgutter b356cc9a7da08ebeb919cd04b2831dad71a34d38
NeoBundleLock vim-jade ea39cd942cf3194230cf72bfb838901a5344d3b3
NeoBundleLock vim-json 3727f089410e23ae113be6222e8a08dd2613ecf2
NeoBundleLock vim-lint 59833d95316b88d79da9b93dc0d0d8ad58c139ee
NeoBundleLock vim-markdown 296eeaa8877528fae45e89a9013c5a8d317deef1
NeoBundleLock vim-python-combined 1917134183c8d0ea213900d7bc4a78c6dcbc5d5f
NeoBundleLock vim-python-pep8-indent 60ba5e11a61618c0344e2db190210145083c91f8
NeoBundleLock vim-repeat c947ad2b6a16983724a0153bdf7f66d7a80a32ca
NeoBundleLock vim-rsi ad8ba6beae8e82339479104b914214a868c9f1fe
NeoBundleLock vim-sensible 2d9f34c09f548ed4df213389caa2882bfe56db58
NeoBundleLock vim-sleuth ea3f065f23cd0592062b8226c8fef08b6af3b459
NeoBundleLock vim-sneak 98a5c946d6dc76528b9d9b044059b5ef1fab5a48
NeoBundleLock vim-speeddating fe98cfaa7ea9c4b838d42a6830437c919eb55b4e
NeoBundleLock vim-stylus 0514757a4795843978517ee73d7fa7d8bf2e5545
NeoBundleLock vim-surround f51a26d3710629d031806305b6c8727189cd1935
NeoBundleLock vim-terraform 89c47c6c68f6260ba34ee0733437d863046fbe95
NeoBundleLock vim-toml a4ec206052aa347d7df90dc4b6697b7f2b7929bc
