NeoBundleLock Dockerfile.vim 5d9ad157fa499798435cb90efc6a30d88aa16462
NeoBundleLock Vim-Jinja2-Syntax ce9edd3e4e6d97d5b4132470f2b5a1cd8cdf0f01
NeoBundleLock change-inside-surroundings.vim 8a994707234e7da7fd127633824b2c0b9dfc8c43
NeoBundleLock clam.vim 74cbd8782d77de29c32d8806871639444b3c4314
NeoBundleLock ctrlp.vim 564176f01d7f3f7f8ab452ff4e1f5314de7b0981
NeoBundleLock gundo.vim e7fe41024ace9047eee610f23311d44fd9d917c0
NeoBundleLock html5.vim fccd580f5f11d576169ee347907c9fbd77af410a
NeoBundleLock matchit.zip ced6c409c9beeb0b4142d21906606bd194411d1d
NeoBundleLock neobundle.vim 30c40ccbfc6371fb922eece6e0657eb5da9e479b
NeoBundleLock nginx.vim 4c3e35024235841e895f566335a4d65228ed445f
NeoBundleLock numbers.vim c7e04485568687ff1c6f4ff842ee80ec9c68d58a
NeoBundleLock rainbow_parentheses.vim eb8baa5428bde10ecc1cb14eed1d6e16f5f24695
NeoBundleLock rust.vim 5dd7ab99103c05a56e059b39ad9f63274d2ae72e
NeoBundleLock syntastic cee74e0c1af934065fd1b3046e53cda76574f703
NeoBundleLock vim-airline fadd737a29df606c4087507e83fa0e75b0b134f5
NeoBundleLock vim-ansible-yaml 33643fc45b20e217e985436d005685dc8f476f06
NeoBundleLock vim-bundle-mako 86aa3c88f4bc8f32e659a94becb527a6e7094886
NeoBundleLock vim-colors-solarized 528a59f26d12278698bb946f8fb82a63711eec21
NeoBundleLock vim-commentary 73e0d9a9d1f51b6cc9dc965f62669194ae851cb1
NeoBundleLock vim-eunuch 5ee2b82b565e6c6d80f1cb7735c78f66a159b198
NeoBundleLock vim-fugitive 50cc268d29c65738dab9eda8354d9387f1628519
NeoBundleLock vim-git 79f5482e091710c6613ac8653dfa2e41d148a527
NeoBundleLock vim-gitgutter b5f23e986747a6f4b1dc1196d2a5bd3dc7c8c2b6
NeoBundleLock vim-jade f3950a72ea92f2c372846e763dad1f1151a38fb1
NeoBundleLock vim-json f5e3181d0b33a9c51377bb7ea8492feddca8b503
NeoBundleLock vim-lint 59833d95316b88d79da9b93dc0d0d8ad58c139ee
NeoBundleLock vim-markdown 3c2215bfed1de1251927fbc94b2631ca27c2958f
NeoBundleLock vim-python-combined ccd7b2e6f5f9835d6d6fa4450a6a06c7709260e8
NeoBundleLock vim-python-pep8-indent 2dcdd210d617e6941ec2d025a80ea16652441a2f
NeoBundleLock vim-repeat 7a6675f092842c8f81e71d5345bd7cdbf3759415
NeoBundleLock vim-rsi b689ee4276d82feb21b21661a6500755ff6b2fde
NeoBundleLock vim-sensible 9e91be7e0fb42949831fe3161ef583363648aa58
NeoBundleLock vim-sleuth a17462708aa40a7fc0afd4effa559087d8a2c908
NeoBundleLock vim-speeddating 426c792e479f6e1650a6996c683943a09344c21e
NeoBundleLock vim-surround e49d6c2459e0f5569ff2d533b4df995dd7f98313
NeoBundleLock vim-toml f6f79f3cc6740dfacca73a195857cbc45e778912
