NeoBundleLock Dockerfile.vim fd2219a8b9772a8d5ebd80f9214f8c76ba6afb4f
NeoBundleLock Vim-Jinja2-Syntax ce9edd3e4e6d97d5b4132470f2b5a1cd8cdf0f01
NeoBundleLock change-inside-surroundings.vim 8a994707234e7da7fd127633824b2c0b9dfc8c43
NeoBundleLock clam.vim a38c9ee62b1ecc1e91b233981f7227d280c82787
NeoBundleLock ctrlp.vim 564176f01d7f3f7f8ab452ff4e1f5314de7b0981
NeoBundleLock gundo.vim dd5ab1e930deb8c74ea9046654dd0587df0cf459
NeoBundleLock html5.vim ad38231df6845562f569512fd250c5660aadeb64
NeoBundleLock matchit.zip ced6c409c9beeb0b4142d21906606bd194411d1d
NeoBundleLock neobundle.vim 3d1e9ce7825687181f3c1349673cfc959612f1da
NeoBundleLock nginx.vim c2af2cc0837e85f288bd6ec3ee31066d7a718e25
NeoBundleLock numbers.vim c7e04485568687ff1c6f4ff842ee80ec9c68d58a
NeoBundleLock rainbow_parentheses.vim eb8baa5428bde10ecc1cb14eed1d6e16f5f24695
NeoBundleLock rust.vim 2fa3e213e713d981633ed7db4483296055a20bea
NeoBundleLock syntastic 91814d6723b03ea9f9437e1950d12861957d4b9a
NeoBundleLock vim-airline 01383136565840a63aa056b82c74be40afcb8ba3
NeoBundleLock vim-ansible-yaml c4c524fedf6d7ea49062bb3dd6cbb497e61f624e
NeoBundleLock vim-bundle-mako 86aa3c88f4bc8f32e659a94becb527a6e7094886
NeoBundleLock vim-colors-solarized 528a59f26d12278698bb946f8fb82a63711eec21
NeoBundleLock vim-commentary e0f4850d78137a35b9461c530078bd77f39e4dce
NeoBundleLock vim-eunuch eb8b2d54fb537ee93f762f6331265057a3f69727
NeoBundleLock vim-fugitive 18d6d1ab82d9ac15586d7d3c1a36f9ef6fb50eae
NeoBundleLock vim-git 1f6f40f05363df4a4b0d38b163267f5ec5064ded
NeoBundleLock vim-jade f760e239386df055eb1892243624fdf7f7c58392
NeoBundleLock vim-json f5e3181d0b33a9c51377bb7ea8492feddca8b503
NeoBundleLock vim-lint 59833d95316b88d79da9b93dc0d0d8ad58c139ee
NeoBundleLock vim-markdown de42c8a325fa964f0e3031fe0c029e7437195106
NeoBundleLock vim-python-combined ccd7b2e6f5f9835d6d6fa4450a6a06c7709260e8
NeoBundleLock vim-python-pep8-indent f4f95ee041370e3e79bb72cb9b360a4ec5707785
NeoBundleLock vim-repeat 7a6675f092842c8f81e71d5345bd7cdbf3759415
NeoBundleLock vim-rsi dfc5288097b83d1eb3173d8be348a11f3d467d8e
NeoBundleLock vim-sensible 680a5c693213daa158c816f068fffa895d961dc9
NeoBundleLock vim-sleuth a17462708aa40a7fc0afd4effa559087d8a2c908
NeoBundleLock vim-speeddating 426c792e479f6e1650a6996c683943a09344c21e
NeoBundleLock vim-surround 2d05440ad23f97a7874ebd9b5de3a0e65d25d85c
NeoBundleLock vim-toml f6f79f3cc6740dfacca73a195857cbc45e778912
